# This is a Gradle generated file for dependency locking.
# Manual edits can break the build and are not advised.
# This file is expected to be part of source control.
at.yawk.lz4:lz4-java:1.10.1=integTestRuntimeClasspath,productionRuntimeClasspath,runtimeClasspath,testRuntimeClasspath
ch.qos.logback:logback-classic:1.5.32=compileClasspath,integTestCompileClasspath,integTestRuntimeClasspath,productionRuntimeClasspath,runtimeClasspath,testCompileClasspath,testRuntimeClasspath
ch.qos.logback:logback-core:1.5.32=compileClasspath,integTestCompileClasspath,integTestRuntimeClasspath,productionRuntimeClasspath,runtimeClasspath,testCompileClasspath,testRuntimeClasspath
com.fasterxml.jackson.core:jackson-annotations:2.21=compileClasspath,integTestCompileClasspath,integTestRuntimeClasspath,productionRuntimeClasspath,runtimeClasspath,testCompileClasspath,testRuntimeClasspath
com.fasterxml.jackson.core:jackson-core:2.21.2=compileClasspath,integTestCompileClasspath,integTestRuntimeClasspath,productionRuntimeClasspath,runtimeClasspath,testCompileClasspath,testRuntimeClasspath
com.fasterxml.jackson.core:jackson-databind:2.21.4=compileClasspath,integTestCompileClasspath,integTestRuntimeClasspath,productionRuntimeClasspath,runtimeClasspath,testCompileClasspath,testRuntimeClasspath
com.fasterxml.jackson.datatype:jackson-datatype-jdk8:2.21.2=compileClasspath,integTestCompileClasspath,integTestRuntimeClasspath,productionRuntimeClasspath,runtimeClasspath,testCompileClasspath,testRuntimeClasspath
com.fasterxml.jackson.datatype:jackson-datatype-jsr310:2.21.2=compileClasspath,integTestCompileClasspath,integTestRuntimeClasspath,productionRuntimeClasspath,runtimeClasspath,testCompileClasspath,testRuntimeClasspath
com.fasterxml.jackson.module:jackson-module-parameter-names:2.21.2=compileClasspath,integTestCompileClasspath,integTestRuntimeClasspath,productionRuntimeClasspath,runtimeClasspath,testCompileClasspath,testRuntimeClasspath
com.fasterxml.jackson:jackson-bom:2.21.4=compileClasspath,integTestCompileClasspath,integTestRuntimeClasspath,productionRuntimeClasspath,runtimeClasspath,testCompileClasspath,testRuntimeClasspath
com.fasterxml:classmate:1.7.3=integTestRuntimeClasspath,productionRuntimeClasspath,runtimeClasspath,testRuntimeClasspath
com.github.docker-java:docker-java-api:3.4.2=integTestCompileClasspath,integTestRuntimeClasspath,testCompileClasspath,testRuntimeClasspath
com.github.docker-java:docker-java-transport-zerodep:3.4.2=integTestCompileClasspath,integTestRuntimeClasspath,testCompileClasspath,testRuntimeClasspath
com.github.docker-java:docker-java-transport:3.4.2=integTestCompileClasspath,integTestRuntimeClasspath,testCompileClasspath,testRuntimeClasspath
com.github.luben:zstd-jni:1.5.6-4=integTestRuntimeClasspath,productionRuntimeClasspath,runtimeClasspath,testRuntimeClasspath
com.google.code.findbugs:jsr305:3.0.2=integTestRuntimeClasspath,productionRuntimeClasspath,runtimeClasspath,testRuntimeClasspath
com.google.code.gson:gson:2.13.2=integTestRuntimeClasspath,productionRuntimeClasspath,runtimeClasspath,testRuntimeClasspath
com.google.errorprone:error_prone_annotations:2.41.0=integTestRuntimeClasspath,productionRuntimeClasspath,runtimeClasspath,testRuntimeClasspath
com.google.guava:failureaccess:1.0.1=integTestRuntimeClasspath,productionRuntimeClasspath,runtimeClasspath,testRuntimeClasspath
com.google.guava:guava:32.0.1-jre=integTestRuntimeClasspath,productionRuntimeClasspath,runtimeClasspath,testRuntimeClasspath
com.google.guava:listenablefuture:9999.0-empty-to-avoid-conflict-with-guava=integTestRuntimeClasspath,productionRuntimeClasspath,runtimeClasspath,testRuntimeClasspath
com.google.j2objc:j2objc-annotations:2.8=integTestRuntimeClasspath,productionRuntimeClasspath,runtimeClasspath,testRuntimeClasspath
com.google.protobuf:protobuf-java-util:4.31.1=compileClasspath,integTestCompileClasspath,integTestRuntimeClasspath,productionRuntimeClasspath,runtimeClasspath,testCompileClasspath,testRuntimeClasspath
com.google.protobuf:protobuf-java:4.31.1=compileClasspath,integTestCompileClasspath,integTestRuntimeClasspath,productionRuntimeClasspath,runtimeClasspath,testCompileClasspath,testRuntimeClasspath
com.jayway.jsonpath:json-path:2.9.0=integTestCompileClasspath,integTestRuntimeClasspath,testCompileClasspath,testRuntimeClasspath
com.rabbitmq:amqp-client:5.25.0=compileClasspath,integTestCompileClasspath,integTestRuntimeClasspath,productionRuntimeClasspath,runtimeClasspath,testCompileClasspath,testRuntimeClasspath
com.sun.istack:istack-commons-runtime:4.1.2=integTestRuntimeClasspath,productionRuntimeClasspath,runtimeClasspath,testRuntimeClasspath
com.vaadin.external.google:android-json:0.0.20131108.vaadin1=integTestCompileClasspath,integTestRuntimeClasspath,testCompileClasspath,testRuntimeClasspath
com.zaxxer:HikariCP:6.3.3=compileClasspath,integTestCompileClasspath,integTestRuntimeClasspath,productionRuntimeClasspath,runtimeClasspath,testCompileClasspath,testRuntimeClasspath
commons-codec:commons-codec:1.18.0=integTestCompileClasspath,integTestRuntimeClasspath,testCompileClasspath,testRuntimeClasspath
commons-io:commons-io:2.20.0=integTestCompileClasspath,integTestRuntimeClasspath,testCompileClasspath,testRuntimeClasspath
io.micrometer:micrometer-commons:1.15.11=compileClasspath,integTestCompileClasspath,integTestRuntimeClasspath,productionRuntimeClasspath,runtimeClasspath,testCompileClasspath,testRuntimeClasspath
io.micrometer:micrometer-observation:1.15.11=compileClasspath,integTestCompileClasspath,integTestRuntimeClasspath,productionRuntimeClasspath,runtimeClasspath,testCompileClasspath,testRuntimeClasspath
io.smallrye:jandex:3.2.0=integTestRuntimeClasspath,productionRuntimeClasspath,runtimeClasspath,testRuntimeClasspath
jakarta.activation:jakarta.activation-api:2.1.4=integTestCompileClasspath,integTestRuntimeClasspath,productionRuntimeClasspath,runtimeClasspath,testCompileClasspath,testRuntimeClasspath
jakarta.annotation:jakarta.annotation-api:2.1.1=compileClasspath,integTestCompileClasspath,integTestRuntimeClasspath,productionRuntimeClasspath,runtimeClasspath,testCompileClasspath,testRuntimeClasspath
jakarta.inject:jakarta.inject-api:2.0.1=integTestRuntimeClasspath,productionRuntimeClasspath,runtimeClasspath,testRuntimeClasspath
jakarta.persistence:jakarta.persistence-api:3.1.0=compileClasspath,integTestCompileClasspath,integTestRuntimeClasspath,productionRuntimeClasspath,runtimeClasspath,testCompileClasspath,testRuntimeClasspath
jakarta.transaction:jakarta.transaction-api:2.0.1=compileClasspath,integTestCompileClasspath,integTestRuntimeClasspath,productionRuntimeClasspath,runtimeClasspath,testCompileClasspath,testRuntimeClasspath
jakarta.xml.bind:jakarta.xml.bind-api:4.0.4=integTestCompileClasspath,integTestRuntimeClasspath,productionRuntimeClasspath,runtimeClasspath,testCompileClasspath,testRuntimeClasspath
javax.cache:cache-api:1.1.1=compileClasspath,integTestCompileClasspath,integTestRuntimeClasspath,productionRuntimeClasspath,runtimeClasspath,testCompileClasspath,testRuntimeClasspath
junit:junit:4.13.2=integTestCompileClasspath,integTestRuntimeClasspath,testCompileClasspath,testRuntimeClasspath
net.bytebuddy:byte-buddy-agent:1.17.8=integTestCompileClasspath,integTestRuntimeClasspath,testCompileClasspath,testRuntimeClasspath
net.bytebuddy:byte-buddy:1.17.8=integTestCompileClasspath,integTestRuntimeClasspath,productionRuntimeClasspath,runtimeClasspath,testCompileClasspath,testRuntimeClasspath
net.java.dev.jna:jna:5.13.0=integTestCompileClasspath,integTestRuntimeClasspath,testCompileClasspath,testRuntimeClasspath
net.minidev:accessors-smart:2.5.2=integTestCompileClasspath,integTestRuntimeClasspath,testCompileClasspath,testRuntimeClasspath
net.minidev:json-smart:2.5.2=integTestCompileClasspath,integTestRuntimeClasspath,testCompileClasspath,testRuntimeClasspath
org.antlr:antlr4-runtime:4.13.0=compileClasspath,integTestCompileClasspath,integTestRuntimeClasspath,productionRuntimeClasspath,runtimeClasspath,testCompileClasspath,testRuntimeClasspath
org.apache.commons:commons-compress:1.28.0=integTestCompileClasspath,integTestRuntimeClasspath,testCompileClasspath,testRuntimeClasspath
org.apache.commons:commons-lang3:3.18.0=integTestCompileClasspath,integTestRuntimeClasspath,testCompileClasspath,testRuntimeClasspath
org.apache.kafka:kafka-clients:3.9.2=compileClasspath,integTestCompileClasspath,integTestRuntimeClasspath,productionRuntimeClasspath,runtimeClasspath,testCompileClasspath,testRuntimeClasspath
org.apache.logging.log4j:log4j-api:2.24.3=compileClasspath,integTestCompileClasspath,integTestRuntimeClasspath,productionRuntimeClasspath,runtimeClasspath,testCompileClasspath,testRuntimeClasspath
org.apache.logging.log4j:log4j-to-slf4j:2.24.3=compileClasspath,integTestCompileClasspath,integTestRuntimeClasspath,productionRuntimeClasspath,runtimeClasspath,testCompileClasspath,testRuntimeClasspath
org.apache.tomcat.embed:tomcat-embed-core:10.1.55=compileClasspath,integTestCompileClasspath,integTestRuntimeClasspath,productionRuntimeClasspath,runtimeClasspath,testCompileClasspath,testRuntimeClasspath
org.apache.tomcat.embed:tomcat-embed-el:10.1.55=compileClasspath,integTestCompileClasspath,integTestRuntimeClasspath,productionRuntimeClasspath,runtimeClasspath,testCompileClasspath,testRuntimeClasspath
org.apache.tomcat.embed:tomcat-embed-websocket:10.1.55=compileClasspath,integTestCompileClasspath,integTestRuntimeClasspath,productionRuntimeClasspath,runtimeClasspath,testCompileClasspath,testRuntimeClasspath
org.apiguardian:apiguardian-api:1.1.2=integTestCompileClasspath,testCompileClasspath
org.aspectj:aspectjweaver:1.9.25.1=compileClasspath,integTestCompileClasspath,integTestRuntimeClasspath,productionRuntimeClasspath,runtimeClasspath,testCompileClasspath,testRuntimeClasspath
org.assertj:assertj-core:3.27.7=integTestCompileClasspath,integTestRuntimeClasspath,testCompileClasspath,testRuntimeClasspath
org.awaitility:awaitility:4.2.2=integTestCompileClasspath,integTestRuntimeClasspath,testCompileClasspath,testRuntimeClasspath
org.checkerframework:checker-qual:3.33.0=integTestRuntimeClasspath,productionRuntimeClasspath,runtimeClasspath,testRuntimeClasspath
org.eclipse.angus:angus-activation:2.0.3=integTestRuntimeClasspath,productionRuntimeClasspath,runtimeClasspath,testRuntimeClasspath
org.ehcache:ehcache:3.10.9=compileClasspath,integTestCompileClasspath,integTestRuntimeClasspath,productionRuntimeClasspath,runtimeClasspath,testCompileClasspath,testRuntimeClasspath
org.glassfish.jaxb:jaxb-core:4.0.6=integTestRuntimeClasspath,productionRuntimeClasspath,runtimeClasspath,testRuntimeClasspath
org.glassfish.jaxb:jaxb-runtime:4.0.6=integTestRuntimeClasspath,productionRuntimeClasspath,runtimeClasspath,testRuntimeClasspath
org.glassfish.jaxb:txw2:4.0.6=integTestRuntimeClasspath,productionRuntimeClasspath,runtimeClasspath,testRuntimeClasspath
org.hamcrest:hamcrest-core:3.0=integTestCompileClasspath,integTestRuntimeClasspath,testCompileClasspath,testRuntimeClasspath
org.hamcrest:hamcrest:3.0=integTestCompileClasspath,integTestRuntimeClasspath,testCompileClasspath,testRuntimeClasspath
org.hibernate.common:hibernate-commons-annotations:7.0.3.Final=integTestRuntimeClasspath,productionRuntimeClasspath,runtimeClasspath,testRuntimeClasspath
org.hibernate.orm:hibernate-community-dialects:6.6.11.Final=compileClasspath,integTestCompileClasspath,integTestRuntimeClasspath,productionRuntimeClasspath,runtimeClasspath,testCompileClasspath,testRuntimeClasspath
org.hibernate.orm:hibernate-core:6.6.49.Final=compileClasspath,integTestCompileClasspath,integTestRuntimeClasspath,productionRuntimeClasspath,runtimeClasspath,testCompileClasspath,testRuntimeClasspath
org.jboss.logging:jboss-logging:3.6.3.Final=integTestRuntimeClasspath,productionRuntimeClasspath,runtimeClasspath,testRuntimeClasspath
org.jetbrains:annotations:17.0.0=integTestCompileClasspath,integTestRuntimeClasspath,testCompileClasspath,testRuntimeClasspath
org.junit.jupiter:junit-jupiter-api:5.12.2=integTestCompileClasspath,integTestRuntimeClasspath,testCompileClasspath,testRuntimeClasspath
org.junit.jupiter:junit-jupiter-engine:5.12.2=integTestRuntimeClasspath,testRuntimeClasspath
org.junit.jupiter:junit-jupiter-params:5.12.2=integTestCompileClasspath,integTestRuntimeClasspath,testCompileClasspath,testRuntimeClasspath
org.junit.jupiter:junit-jupiter:5.12.2=integTestCompileClasspath,integTestRuntimeClasspath,testCompileClasspath,testRuntimeClasspath
org.junit.platform:junit-platform-commons:1.12.2=integTestCompileClasspath,integTestRuntimeClasspath,testCompileClasspath,testRuntimeClasspath
org.junit.platform:junit-platform-engine:1.12.2=integTestRuntimeClasspath,testRuntimeClasspath
org.junit.platform:junit-platform-launcher:1.12.2=integTestRuntimeClasspath,testRuntimeClasspath
org.junit:junit-bom:5.11.4=integTestCompileClasspath,integTestRuntimeClasspath,testCompileClasspath,testRuntimeClasspath
org.mapstruct:mapstruct-processor:1.6.3=annotationProcessor
org.mapstruct:mapstruct:1.6.3=compileClasspath,integTestCompileClasspath,integTestRuntimeClasspath,productionRuntimeClasspath,runtimeClasspath,testCompileClasspath,testRuntimeClasspath
org.mockito:mockito-core:5.17.0=integTestCompileClasspath,integTestRuntimeClasspath,testCompileClasspath,testRuntimeClasspath
org.mockito:mockito-junit-jupiter:5.17.0=integTestCompileClasspath,integTestRuntimeClasspath,testCompileClasspath,testRuntimeClasspath
org.mongodb:bson-record-codec:5.5.2=integTestRuntimeClasspath,productionRuntimeClasspath,runtimeClasspath,testRuntimeClasspath
org.mongodb:bson:5.6.1=compileClasspath,integTestCompileClasspath,integTestRuntimeClasspath,productionRuntimeClasspath,runtimeClasspath,testCompileClasspath,testRuntimeClasspath
org.mongodb:mongodb-driver-core:5.6.1=compileClasspath,integTestCompileClasspath,integTestRuntimeClasspath,productionRuntimeClasspath,runtimeClasspath,testCompileClasspath,testRuntimeClasspath
org.mongodb:mongodb-driver-sync:5.6.1=compileClasspath,integTestCompileClasspath,integTestRuntimeClasspath,productionRuntimeClasspath,runtimeClasspath,testCompileClasspath,testRuntimeClasspath
org.objenesis:objenesis:3.3=integTestRuntimeClasspath,testRuntimeClasspath
org.opentest4j:opentest4j:1.3.0=integTestCompileClasspath,integTestRuntimeClasspath,testCompileClasspath,testRuntimeClasspath
org.ow2.asm:asm:9.7.1=integTestCompileClasspath,integTestRuntimeClasspath,testCompileClasspath,testRuntimeClasspath
org.projectlombok:lombok-mapstruct-binding:0.2.0=annotationProcessor
org.projectlombok:lombok:1.18.40=annotationProcessor,compileClasspath
org.rnorth.duct-tape:duct-tape:1.0.8=integTestCompileClasspath,integTestRuntimeClasspath,testCompileClasspath,testRuntimeClasspath
org.skyscreamer:jsonassert:1.5.3=integTestCompileClasspath,integTestRuntimeClasspath,testCompileClasspath,testRuntimeClasspath
org.slf4j:jul-to-slf4j:2.0.17=compileClasspath,integTestCompileClasspath,integTestRuntimeClasspath,productionRuntimeClasspath,runtimeClasspath,testCompileClasspath,testRuntimeClasspath
org.slf4j:slf4j-api:2.0.17=compileClasspath,integTestCompileClasspath,integTestRuntimeClasspath,productionRuntimeClasspath,runtimeClasspath,testCompileClasspath,testRuntimeClasspath
org.springframework.amqp:spring-amqp:3.2.10=compileClasspath,integTestCompileClasspath,integTestRuntimeClasspath,productionRuntimeClasspath,runtimeClasspath,testCompileClasspath,testRuntimeClasspath
org.springframework.amqp:spring-rabbit:3.2.10=compileClasspath,integTestCompileClasspath,integTestRuntimeClasspath,productionRuntimeClasspath,runtimeClasspath,testCompileClasspath,testRuntimeClasspath
org.springframework.boot:spring-boot-autoconfigure:3.5.14=compileClasspath,integTestCompileClasspath,integTestRuntimeClasspath,productionRuntimeClasspath,runtimeClasspath,testCompileClasspath,testRuntimeClasspath
org.springframework.boot:spring-boot-starter-amqp:3.5.14=compileClasspath,integTestCompileClasspath,integTestRuntimeClasspath,productionRuntimeClasspath,runtimeClasspath,testCompileClasspath,testRuntimeClasspath
org.springframework.boot:spring-boot-starter-cache:3.5.14=compileClasspath,integTestCompileClasspath,integTestRuntimeClasspath,productionRuntimeClasspath,runtimeClasspath,testCompileClasspath,testRuntimeClasspath
org.springframework.boot:spring-boot-starter-data-jpa:3.5.14=compileClasspath,integTestCompileClasspath,integTestRuntimeClasspath,productionRuntimeClasspath,runtimeClasspath,testCompileClasspath,testRuntimeClasspath
org.springframework.boot:spring-boot-starter-jdbc:3.5.14=compileClasspath,integTestCompileClasspath,integTestRuntimeClasspath,productionRuntimeClasspath,runtimeClasspath,testCompileClasspath,testRuntimeClasspath
org.springframework.boot:spring-boot-starter-json:3.5.14=compileClasspath,integTestCompileClasspath,integTestRuntimeClasspath,productionRuntimeClasspath,runtimeClasspath,testCompileClasspath,testRuntimeClasspath
org.springframework.boot:spring-boot-starter-logging:3.5.14=compileClasspath,integTestCompileClasspath,integTestRuntimeClasspath,productionRuntimeClasspath,runtimeClasspath,testCompileClasspath,testRuntimeClasspath
org.springframework.boot:spring-boot-starter-test:3.5.14=integTestCompileClasspath,integTestRuntimeClasspath,testCompileClasspath,testRuntimeClasspath
org.springframework.boot:spring-boot-starter-tomcat:3.5.14=compileClasspath,integTestCompileClasspath,integTestRuntimeClasspath,productionRuntimeClasspath,runtimeClasspath,testCompileClasspath,testRuntimeClasspath
org.springframework.boot:spring-boot-starter-web:3.5.14=compileClasspath,integTestCompileClasspath,integTestRuntimeClasspath,productionRuntimeClasspath,runtimeClasspath,testCompileClasspath,testRuntimeClasspath
org.springframework.boot:spring-boot-starter-websocket:3.5.14=compileClasspath,integTestCompileClasspath,integTestRuntimeClasspath,productionRuntimeClasspath,runtimeClasspath,testCompileClasspath,testRuntimeClasspath
org.springframework.boot:spring-boot-starter:3.5.14=compileClasspath,integTestCompileClasspath,integTestRuntimeClasspath,productionRuntimeClasspath,runtimeClasspath,testCompileClasspath,testRuntimeClasspath
org.springframework.boot:spring-boot-test-autoconfigure:3.5.14=integTestCompileClasspath,integTestRuntimeClasspath,testCompileClasspath,testRuntimeClasspath
org.springframework.boot:spring-boot-test:3.5.14=integTestCompileClasspath,integTestRuntimeClasspath,testCompileClasspath,testRuntimeClasspath
org.springframework.boot:spring-boot:3.5.14=compileClasspath,integTestCompileClasspath,integTestRuntimeClasspath,productionRuntimeClasspath,runtimeClasspath,testCompileClasspath,testRuntimeClasspath
org.springframework.data:spring-data-commons:3.5.11=compileClasspath,integTestCompileClasspath,integTestRuntimeClasspath,productionRuntimeClasspath,runtimeClasspath,testCompileClasspath,testRuntimeClasspath
org.springframework.data:spring-data-jpa:3.5.11=compileClasspath,integTestCompileClasspath,integTestRuntimeClasspath,productionRuntimeClasspath,runtimeClasspath,testCompileClasspath,testRuntimeClasspath
org.springframework.kafka:spring-kafka:3.3.16=compileClasspath,integTestCompileClasspath,integTestRuntimeClasspath,productionRuntimeClasspath,runtimeClasspath,testCompileClasspath,testRuntimeClasspath
org.springframework.retry:spring-retry:2.0.12=compileClasspath,integTestCompileClasspath,integTestRuntimeClasspath,productionRuntimeClasspath,runtimeClasspath,testCompileClasspath,testRuntimeClasspath
org.springframework:spring-aop:6.2.18=compileClasspath,integTestCompileClasspath,integTestRuntimeClasspath,productionRuntimeClasspath,runtimeClasspath,testCompileClasspath,testRuntimeClasspath
org.springframework:spring-aspects:6.2.18=compileClasspath,integTestCompileClasspath,integTestRuntimeClasspath,productionRuntimeClasspath,runtimeClasspath,testCompileClasspath,testRuntimeClasspath
org.springframework:spring-beans:6.2.18=compileClasspath,integTestCompileClasspath,integTestRuntimeClasspath,productionRuntimeClasspath,runtimeClasspath,testCompileClasspath,testRuntimeClasspath
org.springframework:spring-context-support:6.2.18=compileClasspath,integTestCompileClasspath,integTestRuntimeClasspath,productionRuntimeClasspath,runtimeClasspath,testCompileClasspath,testRuntimeClasspath
org.springframework:spring-context:6.2.18=compileClasspath,integTestCompileClasspath,integTestRuntimeClasspath,productionRuntimeClasspath,runtimeClasspath,testCompileClasspath,testRuntimeClasspath
org.springframework:spring-core:6.2.18=compileClasspath,integTestCompileClasspath,integTestRuntimeClasspath,productionRuntimeClasspath,runtimeClasspath,testCompileClasspath,testRuntimeClasspath
org.springframework:spring-expression:6.2.18=compileClasspath,integTestCompileClasspath,integTestRuntimeClasspath,productionRuntimeClasspath,runtimeClasspath,testCompileClasspath,testRuntimeClasspath
org.springframework:spring-jcl:6.2.18=compileClasspath,integTestCompileClasspath,integTestRuntimeClasspath,productionRuntimeClasspath,runtimeClasspath,testCompileClasspath,testRuntimeClasspath
org.springframework:spring-jdbc:6.2.18=compileClasspath,integTestCompileClasspath,integTestRuntimeClasspath,productionRuntimeClasspath,runtimeClasspath,testCompileClasspath,testRuntimeClasspath
org.springframework:spring-messaging:6.2.18=compileClasspath,integTestCompileClasspath,integTestRuntimeClasspath,productionRuntimeClasspath,runtimeClasspath,testCompileClasspath,testRuntimeClasspath
org.springframework:spring-orm:6.2.18=compileClasspath,integTestCompileClasspath,integTestRuntimeClasspath,productionRuntimeClasspath,runtimeClasspath,testCompileClasspath,testRuntimeClasspath
org.springframework:spring-test:6.2.18=integTestCompileClasspath,integTestRuntimeClasspath,testCompileClasspath,testRuntimeClasspath
org.springframework:spring-tx:6.2.18=compileClasspath,integTestCompileClasspath,integTestRuntimeClasspath,productionRuntimeClasspath,runtimeClasspath,testCompileClasspath,testRuntimeClasspath
org.springframework:spring-web:6.2.18=compileClasspath,integTestCompileClasspath,integTestRuntimeClasspath,productionRuntimeClasspath,runtimeClasspath,testCompileClasspath,testRuntimeClasspath
org.springframework:spring-webmvc:6.2.18=compileClasspath,integTestCompileClasspath,integTestRuntimeClasspath,productionRuntimeClasspath,runtimeClasspath,testCompileClasspath,testRuntimeClasspath
org.springframework:spring-websocket:6.2.18=compileClasspath,integTestCompileClasspath,integTestRuntimeClasspath,productionRuntimeClasspath,runtimeClasspath,testCompileClasspath,testRuntimeClasspath
org.testcontainers:junit-jupiter:1.21.4=integTestCompileClasspath,integTestRuntimeClasspath,testCompileClasspath,testRuntimeClasspath
org.testcontainers:kafka:1.21.4=integTestCompileClasspath,integTestRuntimeClasspath,testCompileClasspath,testRuntimeClasspath
org.testcontainers:mongodb:1.21.4=integTestCompileClasspath,integTestRuntimeClasspath,testCompileClasspath,testRuntimeClasspath
org.testcontainers:testcontainers-bom:1.21.4=integTestCompileClasspath,integTestRuntimeClasspath,testCompileClasspath,testRuntimeClasspath
org.testcontainers:testcontainers:1.21.4=integTestCompileClasspath,integTestRuntimeClasspath,testCompileClasspath,testRuntimeClasspath
org.xerial.snappy:snappy-java:1.1.10.5=integTestRuntimeClasspath,productionRuntimeClasspath,runtimeClasspath,testRuntimeClasspath
org.xerial:sqlite-jdbc:3.45.1.0=integTestRuntimeClasspath,productionRuntimeClasspath,runtimeClasspath,testRuntimeClasspath
org.xmlunit:xmlunit-core:2.10.4=integTestCompileClasspath,integTestRuntimeClasspath,testCompileClasspath,testRuntimeClasspath
org.yaml:snakeyaml:2.4=compileClasspath,integTestCompileClasspath,integTestRuntimeClasspath,productionRuntimeClasspath,runtimeClasspath,testCompileClasspath,testRuntimeClasspath
empty=developmentOnly,integTestAnnotationProcessor,testAndDevelopmentOnly,testAnnotationProcessor
